<Solution>
  <Folder Name="/k8s/">
    <File Path="api-gateway.yaml" />
    <File Path="auth-service.yaml" />
    <File Path="order-service.yaml" />
    <File Path="payment-service.yaml" />
    <File Path="product-service.yaml" />
  </Folder>
  <Project Path="ApiGateway\ApiGateway.csproj" />
  <Project Path="AuthService\AuthService.csproj" />
  <Project Path="OrderService.Tests/OrderService.Tests.csproj" />
  <Project Path="OrderService\OrderService.csproj" />
  <Project Path="PaymentService\PaymentService.csproj" />
  <Project Path="ProductService\ProductService.csproj" />
</Solution>
